
Microsoft Visual Studio Solution File, Format Version 12.00
# Visual Studio Version 17
VisualStudioVersion = 17.11.35222.181
MinimumVisualStudioVersion = 10.0.40219.1
Project("{FAE04EC0-301F-11D3-BF4B-00C04F79EFBC}") = "A_232410101078_utspbo", "A_232410101078_utspbo.csproj", "{4CB90153-5BE5-4271-9F76-58169BC28762}"
EndProject
Project("{2150E333-8FDC-42A3-9474-1A3956D46DE8}") = "views", "views", "{53D4DF49-6F75-45A4-841D-4EBEE3D6BDE8}"
EndProject
Project("{FAE04EC0-301F-11D3-BF4B-00C04F79EFBC}") = "WELCOME_PAGE", "WELCOME_PAGE\WELCOME_PAGE.csproj", "{7C5C0D24-A86C-448F-B5B3-4E993DBF776B}"
EndProject
Project("{FAE04EC0-301F-11D3-BF4B-00C04F79EFBC}") = "KONTAK", "KONTAK\KONTAK.csproj", "{F4E93E84-4DFB-4623-8895-7A932DD864D3}"
EndProject
Project("{FAE04EC0-301F-11D3-BF4B-00C04F79EFBC}") = "LOGINADMIN", "LOGINADMIN\LOGINADMIN.csproj", "{FB8AD28A-27F4-4FB3-8FAC-901D2B06350D}"
EndProject
Project("{2150E333-8FDC-42A3-9474-1A3956D46DE8}") = "DASHBOARD_ADMIN", "DASHBOARD_ADMIN", "{6186D025-ABE3-43AC-A6FD-949B04EE3848}"
EndProject
Project("{FAE04EC0-301F-11D3-BF4B-00C04F79EFBC}") = "dashboardAdmin", "dashboardAdmin\dashboardAdmin.csproj", "{0FE01DC6-99E2-4943-B6E5-4348588FF654}"
EndProject
Project("{FAE04EC0-301F-11D3-BF4B-00C04F79EFBC}") = "tambahKontakBaru", "tambahKontakBaru\tambahKontakBaru.csproj", "{D933D5E1-2661-4181-88BE-EE22A18D0159}"
EndProject
Project("{2150E333-8FDC-42A3-9474-1A3956D46DE8}") = "App", "App", "{8DEFD5A3-60E0-4CB6-B8BC-63F7E1252F15}"
EndProject
Project("{2150E333-8FDC-42A3-9474-1A3956D46DE8}") = "context", "context", "{83BCF2FF-881F-49BE-BE8C-340FC6E65C36}"
EndProject
Project("{2150E333-8FDC-42A3-9474-1A3956D46DE8}") = "core", "core", "{BC3011E4-4F65-4CD8-BCDE-B4B887ED7CF4}"
EndProject
Project("{2150E333-8FDC-42A3-9474-1A3956D46DE8}") = "models", "models", "{7309ABCE-99E6-4ECC-B2C9-E1CE8F4DD9E8}"
EndProject
Project("{FAE04EC0-301F-11D3-BF4B-00C04F79EFBC}") = "Contactcontext.cs", "Contactcontext\Contactcontext.cs.csproj", "{7958029A-1AD2-4451-9F1F-E4583867A938}"
EndProject
Project("{FAE04EC0-301F-11D3-BF4B-00C04F79EFBC}") = "AdminContext.cs", "AdminContext.cs\AdminContext.cs.csproj", "{4CAC6FEB-D56A-4CBE-8573-AFB4EE62F36D}"
EndProject
Project("{FAE04EC0-301F-11D3-BF4B-00C04F79EFBC}") = "databaseWrapper.cs", "databaseWrapper.cs\databaseWrapper.cs.csproj", "{FB0C3144-3962-4D40-B2C9-DDE118A62AEA}"
EndProject
Project("{FAE04EC0-301F-11D3-BF4B-00C04F79EFBC}") = "M_Contact.cs", "M_Contact.cs\M_Contact.cs.csproj", "{BE0D006D-20F4-45C5-A148-53652219E3FA}"
EndProject
Project("{FAE04EC0-301F-11D3-BF4B-00C04F79EFBC}") = "m_admin.cs", "m_admin.cs\m_admin.cs.csproj", "{D22FCEBD-21D0-4FDD-A9E7-AF755AB8FD09}"
EndProject
Global
	GlobalSection(SolutionConfigurationPlatforms) = preSolution
		Debug|Any CPU = Debug|Any CPU
		Release|Any CPU = Release|Any CPU
	EndGlobalSection
	GlobalSection(ProjectConfigurationPlatforms) = postSolution
		{4CB90153-5BE5-4271-9F76-58169BC28762}.Debug|Any CPU.ActiveCfg = Debug|Any CPU
		{4CB90153-5BE5-4271-9F76-58169BC28762}.Debug|Any CPU.Build.0 = Debug|Any CPU
		{4CB90153-5BE5-4271-9F76-58169BC28762}.Release|Any CPU.ActiveCfg = Release|Any CPU
		{4CB90153-5BE5-4271-9F76-58169BC28762}.Release|Any CPU.Build.0 = Release|Any CPU
		{7C5C0D24-A86C-448F-B5B3-4E993DBF776B}.Debug|Any CPU.ActiveCfg = Debug|Any CPU
		{7C5C0D24-A86C-448F-B5B3-4E993DBF776B}.Debug|Any CPU.Build.0 = Debug|Any CPU
		{7C5C0D24-A86C-448F-B5B3-4E993DBF776B}.Release|Any CPU.ActiveCfg = Release|Any CPU
		{7C5C0D24-A86C-448F-B5B3-4E993DBF776B}.Release|Any CPU.Build.0 = Release|Any CPU
		{F4E93E84-4DFB-4623-8895-7A932DD864D3}.Debug|Any CPU.ActiveCfg = Debug|Any CPU
		{F4E93E84-4DFB-4623-8895-7A932DD864D3}.Debug|Any CPU.Build.0 = Debug|Any CPU
		{F4E93E84-4DFB-4623-8895-7A932DD864D3}.Release|Any CPU.ActiveCfg = Release|Any CPU
		{F4E93E84-4DFB-4623-8895-7A932DD864D3}.Release|Any CPU.Build.0 = Release|Any CPU
		{FB8AD28A-27F4-4FB3-8FAC-901D2B06350D}.Debug|Any CPU.ActiveCfg = Debug|Any CPU
		{FB8AD28A-27F4-4FB3-8FAC-901D2B06350D}.Debug|Any CPU.Build.0 = Debug|Any CPU
		{FB8AD28A-27F4-4FB3-8FAC-901D2B06350D}.Release|Any CPU.ActiveCfg = Release|Any CPU
		{FB8AD28A-27F4-4FB3-8FAC-901D2B06350D}.Release|Any CPU.Build.0 = Release|Any CPU
		{0FE01DC6-99E2-4943-B6E5-4348588FF654}.Debug|Any CPU.ActiveCfg = Debug|Any CPU
		{0FE01DC6-99E2-4943-B6E5-4348588FF654}.Debug|Any CPU.Build.0 = Debug|Any CPU
		{0FE01DC6-99E2-4943-B6E5-4348588FF654}.Release|Any CPU.ActiveCfg = Release|Any CPU
		{0FE01DC6-99E2-4943-B6E5-4348588FF654}.Release|Any CPU.Build.0 = Release|Any CPU
		{D933D5E1-2661-4181-88BE-EE22A18D0159}.Debug|Any CPU.ActiveCfg = Debug|Any CPU
		{D933D5E1-2661-4181-88BE-EE22A18D0159}.Debug|Any CPU.Build.0 = Debug|Any CPU
		{D933D5E1-2661-4181-88BE-EE22A18D0159}.Release|Any CPU.ActiveCfg = Release|Any CPU
		{D933D5E1-2661-4181-88BE-EE22A18D0159}.Release|Any CPU.Build.0 = Release|Any CPU
		{7958029A-1AD2-4451-9F1F-E4583867A938}.Debug|Any CPU.ActiveCfg = Debug|Any CPU
		{7958029A-1AD2-4451-9F1F-E4583867A938}.Debug|Any CPU.Build.0 = Debug|Any CPU
		{7958029A-1AD2-4451-9F1F-E4583867A938}.Release|Any CPU.ActiveCfg = Release|Any CPU
		{7958029A-1AD2-4451-9F1F-E4583867A938}.Release|Any CPU.Build.0 = Release|Any CPU
		{4CAC6FEB-D56A-4CBE-8573-AFB4EE62F36D}.Debug|Any CPU.ActiveCfg = Debug|Any CPU
		{4CAC6FEB-D56A-4CBE-8573-AFB4EE62F36D}.Debug|Any CPU.Build.0 = Debug|Any CPU
		{4CAC6FEB-D56A-4CBE-8573-AFB4EE62F36D}.Release|Any CPU.ActiveCfg = Release|Any CPU
		{4CAC6FEB-D56A-4CBE-8573-AFB4EE62F36D}.Release|Any CPU.Build.0 = Release|Any CPU
		{FB0C3144-3962-4D40-B2C9-DDE118A62AEA}.Debug|Any CPU.ActiveCfg = Debug|Any CPU
		{FB0C3144-3962-4D40-B2C9-DDE118A62AEA}.Debug|Any CPU.Build.0 = Debug|Any CPU
		{FB0C3144-3962-4D40-B2C9-DDE118A62AEA}.Release|Any CPU.ActiveCfg = Release|Any CPU
		{FB0C3144-3962-4D40-B2C9-DDE118A62AEA}.Release|Any CPU.Build.0 = Release|Any CPU
		{BE0D006D-20F4-45C5-A148-53652219E3FA}.Debug|Any CPU.ActiveCfg = Debug|Any CPU
		{BE0D006D-20F4-45C5-A148-53652219E3FA}.Debug|Any CPU.Build.0 = Debug|Any CPU
		{BE0D006D-20F4-45C5-A148-53652219E3FA}.Release|Any CPU.ActiveCfg = Release|Any CPU
		{BE0D006D-20F4-45C5-A148-53652219E3FA}.Release|Any CPU.Build.0 = Release|Any CPU
		{D22FCEBD-21D0-4FDD-A9E7-AF755AB8FD09}.Debug|Any CPU.ActiveCfg = Debug|Any CPU
		{D22FCEBD-21D0-4FDD-A9E7-AF755AB8FD09}.Debug|Any CPU.Build.0 = Debug|Any CPU
		{D22FCEBD-21D0-4FDD-A9E7-AF755AB8FD09}.Release|Any CPU.ActiveCfg = Release|Any CPU
		{D22FCEBD-21D0-4FDD-A9E7-AF755AB8FD09}.Release|Any CPU.Build.0 = Release|Any CPU
	EndGlobalSection
	GlobalSection(SolutionProperties) = preSolution
		HideSolutionNode = FALSE
	EndGlobalSection
	GlobalSection(NestedProjects) = preSolution
		{7C5C0D24-A86C-448F-B5B3-4E993DBF776B} = {53D4DF49-6F75-45A4-841D-4EBEE3D6BDE8}
		{F4E93E84-4DFB-4623-8895-7A932DD864D3} = {53D4DF49-6F75-45A4-841D-4EBEE3D6BDE8}
		{FB8AD28A-27F4-4FB3-8FAC-901D2B06350D} = {53D4DF49-6F75-45A4-841D-4EBEE3D6BDE8}
		{6186D025-ABE3-43AC-A6FD-949B04EE3848} = {53D4DF49-6F75-45A4-841D-4EBEE3D6BDE8}
		{0FE01DC6-99E2-4943-B6E5-4348588FF654} = {6186D025-ABE3-43AC-A6FD-949B04EE3848}
		{D933D5E1-2661-4181-88BE-EE22A18D0159} = {6186D025-ABE3-43AC-A6FD-949B04EE3848}
		{83BCF2FF-881F-49BE-BE8C-340FC6E65C36} = {8DEFD5A3-60E0-4CB6-B8BC-63F7E1252F15}
		{BC3011E4-4F65-4CD8-BCDE-B4B887ED7CF4} = {8DEFD5A3-60E0-4CB6-B8BC-63F7E1252F15}
		{7309ABCE-99E6-4ECC-B2C9-E1CE8F4DD9E8} = {8DEFD5A3-60E0-4CB6-B8BC-63F7E1252F15}
		{7958029A-1AD2-4451-9F1F-E4583867A938} = {83BCF2FF-881F-49BE-BE8C-340FC6E65C36}
		{4CAC6FEB-D56A-4CBE-8573-AFB4EE62F36D} = {83BCF2FF-881F-49BE-BE8C-340FC6E65C36}
		{FB0C3144-3962-4D40-B2C9-DDE118A62AEA} = {BC3011E4-4F65-4CD8-BCDE-B4B887ED7CF4}
		{BE0D006D-20F4-45C5-A148-53652219E3FA} = {7309ABCE-99E6-4ECC-B2C9-E1CE8F4DD9E8}
		{D22FCEBD-21D0-4FDD-A9E7-AF755AB8FD09} = {7309ABCE-99E6-4ECC-B2C9-E1CE8F4DD9E8}
	EndGlobalSection
	GlobalSection(ExtensibilityGlobals) = postSolution
		SolutionGuid = {B48A7764-A918-4AB3-B25E-73DF968B17F7}
	EndGlobalSection
EndGlobal
